// !$*UTF8*$!
{
	archiveVersion = 1;
	classes = {
	};
	objectVersion = 46;
	objects = {

/* Begin PBXBuildFile section */
		5F2CF3421763DD1E009A4FC0 /* UIKit.framework in Frameworks */ = {isa = PBXBuildFile; fileRef = 5F2CF3411763DD1E009A4FC0 /* UIKit.framework */; };
		5F2CF3441763DD1E009A4FC0 /* Foundation.framework in Frameworks */ = {isa = PBXBuildFile; fileRef = 5F2CF3431763DD1E009A4FC0 /* Foundation.framework */; };
		5F2CF3461763DD1E009A4FC0 /* CoreGraphics.framework in Frameworks */ = {isa = PBXBuildFile; fileRef = 5F2CF3451763DD1E009A4FC0 /* CoreGraphics.framework */; };
		5F2CF3761763DDAC009A4FC0 /* libsbjson-ios.a in Frameworks */ = {isa = PBXBuildFile; fileRef = 5F2CF3711763DD91009A4FC0 /* libsbjson-ios.a */; };
		5F2CF3931763DFA6009A4FC0 /* ADNViewController.m in Sources */ = {isa = PBXBuildFile; fileRef = 5F2CF3811763DFA6009A4FC0 /* ADNViewController.m */; };
		5F2CF3941763DFA6009A4FC0 /* ADNAppDelegate.m in Sources */ = {isa = PBXBuildFile; fileRef = 5F2CF3841763DFA6009A4FC0 /* ADNAppDelegate.m */; };
		5F2CF3951763DFA6009A4FC0 /* MainStoryboard.storyboard in Resources */ = {isa = PBXBuildFile; fileRef = 5F2CF3871763DFA6009A4FC0 /* MainStoryboard.storyboard */; };
		5F2CF3961763DFA6009A4FC0 /* Default-568h@2x.png in Resources */ = {isa = PBXBuildFile; fileRef = 5F2CF38A1763DFA6009A4FC0 /* Default-568h@2x.png */; };
		5F2CF3971763DFA6009A4FC0 /* Default.png in Resources */ = {isa = PBXBuildFile; fileRef = 5F2CF38B1763DFA6009A4FC0 /* Default.png */; };
		5F2CF3981763DFA6009A4FC0 /* Default@2x.png in Resources */ = {isa = PBXBuildFile; fileRef = 5F2CF38C1763DFA6009A4FC0 /* Default@2x.png */; };
		5F2CF3991763DFA6009A4FC0 /* example.json in Resources */ = {isa = PBXBuildFile; fileRef = 5F2CF38D1763DFA6009A4FC0 /* example.json */; };
		5F2CF39B1763DFA6009A4FC0 /* InfoPlist.strings in Resources */ = {isa = PBXBuildFile; fileRef = 5F2CF3911763DFA6009A4FC0 /* InfoPlist.strings */; };
		5F2CF39C1763DFA6009A4FC0 /* main.m in Sources */ = {isa = PBXBuildFile; fileRef = 5F2CF3921763DFA6009A4FC0 /* main.m */; };
		5F2CF39F1763DFE3009A4FC0 /* ADNStatsClient.m in Sources */ = {isa = PBXBuildFile; fileRef = 5F2CF39E1763DFE3009A4FC0 /* ADNStatsClient.m */; };
		5F2CF3A21763E24F009A4FC0 /* ADNStatsSummary.m in Sources */ = {isa = PBXBuildFile; fileRef = 5F2CF3A11763E24F009A4FC0 /* ADNStatsSummary.m */; };
		5F2CF3A51763EA3B009A4FC0 /* ADNStatsPanel.m in Sources */ = {isa = PBXBuildFile; fileRef = 5F2CF3A41763EA3B009A4FC0 /* ADNStatsPanel.m */; };
		5F2CF3AD1763F167009A4FC0 /* calendar.png in Resources */ = {isa = PBXBuildFile; fileRef = 5F2CF3A91763F167009A4FC0 /* calendar.png */; };
		5F2CF3AE1763F167009A4FC0 /* binocular.png in Resources */ = {isa = PBXBuildFile; fileRef = 5F2CF3AA1763F167009A4FC0 /* binocular.png */; };
		5F2CF3AF1763F167009A4FC0 /* share.png in Resources */ = {isa = PBXBuildFile; fileRef = 5F2CF3AB1763F167009A4FC0 /* share.png */; };
		5F2CF3B01763F167009A4FC0 /* clock.png in Resources */ = {isa = PBXBuildFile; fileRef = 5F2CF3AC1763F167009A4FC0 /* clock.png */; };
		5F2CF3B31763F83D009A4FC0 /* ADNTopTableViewCell.m in Sources */ = {isa = PBXBuildFile; fileRef = 5F2CF3B21763F83D009A4FC0 /* ADNTopTableViewCell.m */; };
		5F2CF3B61763F8A9009A4FC0 /* ADNTopTableViewController.m in Sources */ = {isa = PBXBuildFile; fileRef = 5F2CF3B51763F8A9009A4FC0 /* ADNTopTableViewController.m */; };
		5F2CF3B91763F9B5009A4FC0 /* ADNTopObject.m in Sources */ = {isa = PBXBuildFile; fileRef = 5F2CF3B81763F9B4009A4FC0 /* ADNTopObject.m */; };
		5F61E56B17640538005CBE87 /* ADNTopPost.m in Sources */ = {isa = PBXBuildFile; fileRef = 5F61E56A17640538005CBE87 /* ADNTopPost.m */; };
		5F61E56E176407D9005CBE87 /* ADNTopPostTableViewCell.m in Sources */ = {isa = PBXBuildFile; fileRef = 5F61E56D176407D9005CBE87 /* ADNTopPostTableViewCell.m */; };
		5F61E57017640A67005CBE87 /* avatar.png in Resources */ = {isa = PBXBuildFile; fileRef = 5F61E56F17640A67005CBE87 /* avatar.png */; };
/* End PBXBuildFile section */

/* Begin PBXContainerItemProxy section */
		5F2CF36C1763DD91009A4FC0 /* PBXContainerItemProxy */ = {
			isa = PBXContainerItemProxy;
			containerPortal = 5F2CF3651763DD91009A4FC0 /* SBJson.xcodeproj */;
			proxyType = 2;
			remoteGlobalIDString = BC12323D1391D5CC00131607;
			remoteInfo = SBJson;
		};
		5F2CF36E1763DD91009A4FC0 /* PBXContainerItemProxy */ = {
			isa = PBXContainerItemProxy;
			containerPortal = 5F2CF3651763DD91009A4FC0 /* SBJson.xcodeproj */;
			proxyType = 2;
			remoteGlobalIDString = BC1232521391D5CC00131607;
			remoteInfo = SBJsonTests;
		};
		5F2CF3701763DD91009A4FC0 /* PBXContainerItemProxy */ = {
			isa = PBXContainerItemProxy;
			containerPortal = 5F2CF3651763DD91009A4FC0 /* SBJson.xcodeproj */;
			proxyType = 2;
			remoteGlobalIDString = BCC2626913920FC7003D9994;
			remoteInfo = "sbjson-ios";
		};
		5F2CF3721763DD91009A4FC0 /* PBXContainerItemProxy */ = {
			isa = PBXContainerItemProxy;
			containerPortal = 5F2CF3651763DD91009A4FC0 /* SBJson.xcodeproj */;
			proxyType = 2;
			remoteGlobalIDString = BCC2627313920FC7003D9994;
			remoteInfo = "sbjson-iosTests";
		};
		5F2CF3741763DDA6009A4FC0 /* PBXContainerItemProxy */ = {
			isa = PBXContainerItemProxy;
			containerPortal = 5F2CF3651763DD91009A4FC0 /* SBJson.xcodeproj */;
			proxyType = 1;
			remoteGlobalIDString = BC12323C1391D5CC00131607;
			remoteInfo = SBJson;
		};
/* End PBXContainerItemProxy section */

/* Begin PBXFileReference section */
		5F2CF33E1763DD1E009A4FC0 /* ADNStats.app */ = {isa = PBXFileReference; explicitFileType = wrapper.application; includeInIndex = 0; path = ADNStats.app; sourceTree = BUILT_PRODUCTS_DIR; };
		5F2CF3411763DD1E009A4FC0 /* UIKit.framework */ = {isa = PBXFileReference; lastKnownFileType = wrapper.framework; name = UIKit.framework; path = System/Library/Frameworks/UIKit.framework; sourceTree = SDKROOT; };
		5F2CF3431763DD1E009A4FC0 /* Foundation.framework */ = {isa = PBXFileReference; lastKnownFileType = wrapper.framework; name = Foundation.framework; path = System/Library/Frameworks/Foundation.framework; sourceTree = SDKROOT; };
		5F2CF3451763DD1E009A4FC0 /* CoreGraphics.framework */ = {isa = PBXFileReference; lastKnownFileType = wrapper.framework; name = CoreGraphics.framework; path = System/Library/Frameworks/CoreGraphics.framework; sourceTree = SDKROOT; };
		5F2CF3651763DD91009A4FC0 /* SBJson.xcodeproj */ = {isa = PBXFileReference; lastKnownFileType = "wrapper.pb-project"; name = SBJson.xcodeproj; path = dependencies/json/SBJson.xcodeproj; sourceTree = "<group>"; };
		5F2CF3801763DFA6009A4FC0 /* ADNViewController.h */ = {isa = PBXFileReference; fileEncoding = 4; lastKnownFileType = sourcecode.c.h; path = ADNViewController.h; sourceTree = "<group>"; };
		5F2CF3811763DFA6009A4FC0 /* ADNViewController.m */ = {isa = PBXFileReference; fileEncoding = 4; lastKnownFileType = sourcecode.c.objc; path = ADNViewController.m; sourceTree = "<group>"; };
		5F2CF3831763DFA6009A4FC0 /* ADNAppDelegate.h */ = {isa = PBXFileReference; fileEncoding = 4; lastKnownFileType = sourcecode.c.h; path = ADNAppDelegate.h; sourceTree = "<group>"; };
		5F2CF3841763DFA6009A4FC0 /* ADNAppDelegate.m */ = {isa = PBXFileReference; fileEncoding = 4; lastKnownFileType = sourcecode.c.objc; path = ADNAppDelegate.m; sourceTree = "<group>"; };
		5F2CF3871763DFA6009A4FC0 /* MainStoryboard.storyboard */ = {isa = PBXFileReference; fileEncoding = 4; lastKnownFileType = file.storyboard; path = MainStoryboard.storyboard; sourceTree = "<group>"; };
		5F2CF38A1763DFA6009A4FC0 /* Default-568h@2x.png */ = {isa = PBXFileReference; lastKnownFileType = image.png; path = "Default-568h@2x.png"; sourceTree = "<group>"; };
		5F2CF38B1763DFA6009A4FC0 /* Default.png */ = {isa = PBXFileReference; lastKnownFileType = image.png; path = Default.png; sourceTree = "<group>"; };
		5F2CF38C1763DFA6009A4FC0 /* Default@2x.png */ = {isa = PBXFileReference; lastKnownFileType = image.png; path = "Default@2x.png"; sourceTree = "<group>"; };
		5F2CF38D1763DFA6009A4FC0 /* example.json */ = {isa = PBXFileReference; fileEncoding = 4; lastKnownFileType = text.json; path = example.json; sourceTree = "<group>"; };
		5F2CF38F1763DFA6009A4FC0 /* ADNStats-Info.plist */ = {isa = PBXFileReference; fileEncoding = 4; lastKnownFileType = text.plist.xml; path = "ADNStats-Info.plist"; sourceTree = "<group>"; };
		5F2CF3901763DFA6009A4FC0 /* ADNStats-Prefix.pch */ = {isa = PBXFileReference; fileEncoding = 4; lastKnownFileType = sourcecode.c.h; path = "ADNStats-Prefix.pch"; sourceTree = "<group>"; };
		5F2CF3911763DFA6009A4FC0 /* InfoPlist.strings */ = {isa = PBXFileReference; fileEncoding = 4; lastKnownFileType = text.plist.strings; path = InfoPlist.strings; sourceTree = "<group>"; };
		5F2CF3921763DFA6009A4FC0 /* main.m */ = {isa = PBXFileReference; fileEncoding = 4; lastKnownFileType = sourcecode.c.objc; path = main.m; sourceTree = "<group>"; };
		5F2CF39D1763DFE3009A4FC0 /* ADNStatsClient.h */ = {isa = PBXFileReference; fileEncoding = 4; lastKnownFileType = sourcecode.c.h; path = ADNStatsClient.h; sourceTree = "<group>"; };
		5F2CF39E1763DFE3009A4FC0 /* ADNStatsClient.m */ = {isa = PBXFileReference; fileEncoding = 4; lastKnownFileType = sourcecode.c.objc; path = ADNStatsClient.m; sourceTree = "<group>"; };
		5F2CF3A01763E24F009A4FC0 /* ADNStatsSummary.h */ = {isa = PBXFileReference; fileEncoding = 4; lastKnownFileType = sourcecode.c.h; path = ADNStatsSummary.h; sourceTree = "<group>"; };
		5F2CF3A11763E24F009A4FC0 /* ADNStatsSummary.m */ = {isa = PBXFileReference; fileEncoding = 4; lastKnownFileType = sourcecode.c.objc; path = ADNStatsSummary.m; sourceTree = "<group>"; };
		5F2CF3A31763EA3B009A4FC0 /* ADNStatsPanel.h */ = {isa = PBXFileReference; fileEncoding = 4; lastKnownFileType = sourcecode.c.h; path = ADNStatsPanel.h; sourceTree = "<group>"; };
		5F2CF3A41763EA3B009A4FC0 /* ADNStatsPanel.m */ = {isa = PBXFileReference; fileEncoding = 4; lastKnownFileType = sourcecode.c.objc; path = ADNStatsPanel.m; sourceTree = "<group>"; };
		5F2CF3A61763EA4A009A4FC0 /* ADNStats.h */ = {isa = PBXFileReference; fileEncoding = 4; lastKnownFileType = sourcecode.c.h; path = ADNStats.h; sourceTree = "<group>"; };
		5F2CF3A91763F167009A4FC0 /* calendar.png */ = {isa = PBXFileReference; lastKnownFileType = image.png; path = calendar.png; sourceTree = "<group>"; };
		5F2CF3AA1763F167009A4FC0 /* binocular.png */ = {isa = PBXFileReference; lastKnownFileType = image.png; path = binocular.png; sourceTree = "<group>"; };
		5F2CF3AB1763F167009A4FC0 /* share.png */ = {isa = PBXFileReference; lastKnownFileType = image.png; path = share.png; sourceTree = "<group>"; };
		5F2CF3AC1763F167009A4FC0 /* clock.png */ = {isa = PBXFileReference; lastKnownFileType = image.png; path = clock.png; sourceTree = "<group>"; };
		5F2CF3B11763F83D009A4FC0 /* ADNTopTableViewCell.h */ = {isa = PBXFileReference; fileEncoding = 4; lastKnownFileType = sourcecode.c.h; path = ADNTopTableViewCell.h; sourceTree = "<group>"; };
		5F2CF3B21763F83D009A4FC0 /* ADNTopTableViewCell.m */ = {isa = PBXFileReference; fileEncoding = 4; lastKnownFileType = sourcecode.c.objc; path = ADNTopTableViewCell.m; sourceTree = "<group>"; };
		5F2CF3B41763F8A9009A4FC0 /* ADNTopTableViewController.h */ = {isa = PBXFileReference; fileEncoding = 4; lastKnownFileType = sourcecode.c.h; path = ADNTopTableViewController.h; sourceTree = "<group>"; };
		5F2CF3B51763F8A9009A4FC0 /* ADNTopTableViewController.m */ = {isa = PBXFileReference; fileEncoding = 4; lastKnownFileType = sourcecode.c.objc; path = ADNTopTableViewController.m; sourceTree = "<group>"; };
		5F2CF3B71763F9B4009A4FC0 /* ADNTopObject.h */ = {isa = PBXFileReference; fileEncoding = 4; lastKnownFileType = sourcecode.c.h; path = ADNTopObject.h; sourceTree = "<group>"; };
		5F2CF3B81763F9B4009A4FC0 /* ADNTopObject.m */ = {isa = PBXFileReference; fileEncoding = 4; lastKnownFileType = sourcecode.c.objc; path = ADNTopObject.m; sourceTree = "<group>"; };
		5F61E56917640538005CBE87 /* ADNTopPost.h */ = {isa = PBXFileReference; fileEncoding = 4; lastKnownFileType = sourcecode.c.h; path = ADNTopPost.h; sourceTree = "<group>"; };
		5F61E56A17640538005CBE87 /* ADNTopPost.m */ = {isa = PBXFileReference; fileEncoding = 4; lastKnownFileType = sourcecode.c.objc; path = ADNTopPost.m; sourceTree = "<group>"; };
		5F61E56C176407D9005CBE87 /* ADNTopPostTableViewCell.h */ = {isa = PBXFileReference; fileEncoding = 4; lastKnownFileType = sourcecode.c.h; path = ADNTopPostTableViewCell.h; sourceTree = "<group>"; };
		5F61E56D176407D9005CBE87 /* ADNTopPostTableViewCell.m */ = {isa = PBXFileReference; fileEncoding = 4; lastKnownFileType = sourcecode.c.objc; path = ADNTopPostTableViewCell.m; sourceTree = "<group>"; };
		5F61E56F17640A67005CBE87 /* avatar.png */ = {isa = PBXFileReference; lastKnownFileType = image.png; path = avatar.png; sourceTree = "<group>"; };
/* End PBXFileReference section */

/* Begin PBXFrameworksBuildPhase section */
		5F2CF33B1763DD1E009A4FC0 /* Frameworks */ = {
			isa = PBXFrameworksBuildPhase;
			buildActionMask = 2147483647;
			files = (
				5F2CF3761763DDAC009A4FC0 /* libsbjson-ios.a in Frameworks */,
				5F2CF3421763DD1E009A4FC0 /* UIKit.framework in Frameworks */,
				5F2CF3441763DD1E009A4FC0 /* Foundation.framework in Frameworks */,
				5F2CF3461763DD1E009A4FC0 /* CoreGraphics.framework in Frameworks */,
			);
			runOnlyForDeploymentPostprocessing = 0;
		};
/* End PBXFrameworksBuildPhase section */

/* Begin PBXGroup section */
		5F2CF3351763DD1E009A4FC0 = {
			isa = PBXGroup;
			children = (
				5F2CF3641763DD8A009A4FC0 /* Dependencies */,
				5F2CF37D1763DFA6009A4FC0 /* ADNStats */,
				5F2CF3401763DD1E009A4FC0 /* Frameworks */,
				5F2CF33F1763DD1E009A4FC0 /* Products */,
			);
			sourceTree = "<group>";
		};
		5F2CF33F1763DD1E009A4FC0 /* Products */ = {
			isa = PBXGroup;
			children = (
				5F2CF33E1763DD1E009A4FC0 /* ADNStats.app */,
			);
			name = Products;
			sourceTree = "<group>";
		};
		5F2CF3401763DD1E009A4FC0 /* Frameworks */ = {
			isa = PBXGroup;
			children = (
				5F2CF3411763DD1E009A4FC0 /* UIKit.framework */,
				5F2CF3431763DD1E009A4FC0 /* Foundation.framework */,
				5F2CF3451763DD1E009A4FC0 /* CoreGraphics.framework */,
			);
			name = Frameworks;
			sourceTree = "<group>";
		};
		5F2CF3641763DD8A009A4FC0 /* Dependencies */ = {
			isa = PBXGroup;
			children = (
				5F2CF3651763DD91009A4FC0 /* SBJson.xcodeproj */,
			);
			name = Dependencies;
			sourceTree = "<group>";
		};
		5F2CF3661763DD91009A4FC0 /* Products */ = {
			isa = PBXGroup;
			children = (
				5F2CF36D1763DD91009A4FC0 /* SBJson.framework */,
				5F2CF36F1763DD91009A4FC0 /* SBJsonTests.octest */,
				5F2CF3711763DD91009A4FC0 /* libsbjson-ios.a */,
				5F2CF3731763DD91009A4FC0 /* sbjson-iosTests.octest */,
			);
			name = Products;
			sourceTree = "<group>";
		};
		5F2CF37D1763DFA6009A4FC0 /* ADNStats */ = {
			isa = PBXGroup;
			children = (
				5F2CF37E1763DFA6009A4FC0 /* Classes */,
				5F2CF3891763DFA6009A4FC0 /* Resources */,
				5F2CF38E1763DFA6009A4FC0 /* Supporting Files */,
			);
			path = ADNStats;
			sourceTree = "<group>";
		};
		5F2CF37E1763DFA6009A4FC0 /* Classes */ = {
			isa = PBXGroup;
			children = (
				5F2CF37F1763DFA6009A4FC0 /* Controllers */,
				5F2CF3821763DFA6009A4FC0 /* Delegates */,
				5F2CF3851763DFA6009A4FC0 /* Model */,
				5F2CF3861763DFA6009A4FC0 /* Storyboards */,
				5F2CF3881763DFA6009A4FC0 /* Views */,
			);
			path = Classes;
			sourceTree = "<group>";
		};
		5F2CF37F1763DFA6009A4FC0 /* Controllers */ = {
			isa = PBXGroup;
			children = (
				5F2CF3801763DFA6009A4FC0 /* ADNViewController.h */,
				5F2CF3811763DFA6009A4FC0 /* ADNViewController.m */,
				5F2CF3B41763F8A9009A4FC0 /* ADNTopTableViewController.h */,
				5F2CF3B51763F8A9009A4FC0 /* ADNTopTableViewController.m */,
			);
			path = Controllers;
			sourceTree = "<group>";
		};
		5F2CF3821763DFA6009A4FC0 /* Delegates */ = {
			isa = PBXGroup;
			children = (
				5F2CF3831763DFA6009A4FC0 /* ADNAppDelegate.h */,
				5F2CF3841763DFA6009A4FC0 /* ADNAppDelegate.m */,
			);
			path = Delegates;
			sourceTree = "<group>";
		};
		5F2CF3851763DFA6009A4FC0 /* Model */ = {
			isa = PBXGroup;
			children = (
				5F2CF3A61763EA4A009A4FC0 /* ADNStats.h */,
				5F2CF39D1763DFE3009A4FC0 /* ADNStatsClient.h */,
				5F2CF39E1763DFE3009A4FC0 /* ADNStatsClient.m */,
				5F2CF3A01763E24F009A4FC0 /* ADNStatsSummary.h */,
				5F2CF3A11763E24F009A4FC0 /* ADNStatsSummary.m */,
				5F2CF3A31763EA3B009A4FC0 /* ADNStatsPanel.h */,
				5F2CF3A41763EA3B009A4FC0 /* ADNStatsPanel.m */,
				5F2CF3B71763F9B4009A4FC0 /* ADNTopObject.h */,
				5F2CF3B81763F9B4009A4FC0 /* ADNTopObject.m */,
				5F61E56917640538005CBE87 /* ADNTopPost.h */,
				5F61E56A17640538005CBE87 /* ADNTopPost.m */,
			);
			path = Model;
			sourceTree = "<group>";
		};
		5F2CF3861763DFA6009A4FC0 /* Storyboards */ = {
			isa = PBXGroup;
			children = (
				5F2CF3871763DFA6009A4FC0 /* MainStoryboard.storyboard */,
			);
			path = Storyboards;
			sourceTree = "<group>";
		};
		5F2CF3881763DFA6009A4FC0 /* Views */ = {
			isa = PBXGroup;
			children = (
				5F2CF3B11763F83D009A4FC0 /* ADNTopTableViewCell.h */,
				5F2CF3B21763F83D009A4FC0 /* ADNTopTableViewCell.m */,
				5F61E56C176407D9005CBE87 /* ADNTopPostTableViewCell.h */,
				5F61E56D176407D9005CBE87 /* ADNTopPostTableViewCell.m */,
			);
			path = Views;
			sourceTree = "<group>";
		};
		5F2CF3891763DFA6009A4FC0 /* Resources */ = {
			isa = PBXGroup;
			children = (
				5F61E56F17640A67005CBE87 /* avatar.png */,
				5F2CF3A91763F167009A4FC0 /* calendar.png */,
				5F2CF3AA1763F167009A4FC0 /* binocular.png */,
				5F2CF3AB1763F167009A4FC0 /* share.png */,
				5F2CF3AC1763F167009A4FC0 /* clock.png */,
				5F2CF38A1763DFA6009A4FC0 /* Default-568h@2x.png */,
				5F2CF38B1763DFA6009A4FC0 /* Default.png */,
				5F2CF38C1763DFA6009A4FC0 /* Default@2x.png */,
				5F2CF38D1763DFA6009A4FC0 /* example.json */,
			);
			path = Resources;
			sourceTree = "<group>";
		};
		5F2CF38E1763DFA6009A4FC0 /* Supporting Files */ = {
			isa = PBXGroup;
			children = (
				5F2CF38F1763DFA6009A4FC0 /* ADNStats-Info.plist */,
				5F2CF3901763DFA6009A4FC0 /* ADNStats-Prefix.pch */,
				5F2CF3911763DFA6009A4FC0 /* InfoPlist.strings */,
				5F2CF3921763DFA6009A4FC0 /* main.m */,
			);
			path = "Supporting Files";
			sourceTree = "<group>";
		};
/* End PBXGroup section */

/* Begin PBXNativeTarget section */
		5F2CF33D1763DD1E009A4FC0 /* ADNStats */ = {
			isa = PBXNativeTarget;
			buildConfigurationList = 5F2CF3611763DD1E009A4FC0 /* Build configuration list for PBXNativeTarget "ADNStats" */;
			buildPhases = (
				5F2CF33A1763DD1E009A4FC0 /* Sources */,
				5F2CF33B1763DD1E009A4FC0 /* Frameworks */,
				5F2CF33C1763DD1E009A4FC0 /* Resources */,
			);
			buildRules = (
			);
			dependencies = (
				5F2CF3751763DDA6009A4FC0 /* PBXTargetDependency */,
			);
			name = ADNStats;
			productName = ADNStats;
			productReference = 5F2CF33E1763DD1E009A4FC0 /* ADNStats.app */;
			productType = "com.apple.product-type.application";
		};
/* End PBXNativeTarget section */

/* Begin PBXProject section */
		5F2CF3361763DD1E009A4FC0 /* Project object */ = {
			isa = PBXProject;
			attributes = {
				CLASSPREFIX = ADN;
				LastUpgradeCheck = 0460;
				ORGANIZATIONNAME = Zedenem;
			};
			buildConfigurationList = 5F2CF3391763DD1E009A4FC0 /* Build configuration list for PBXProject "ADNStats" */;
			compatibilityVersion = "Xcode 3.2";
			developmentRegion = English;
			hasScannedForEncodings = 0;
			knownRegions = (
				en,
			);
			mainGroup = 5F2CF3351763DD1E009A4FC0;
			productRefGroup = 5F2CF33F1763DD1E009A4FC0 /* Products */;
			projectDirPath = "";
			projectReferences = (
				{
					ProductGroup = 5F2CF3661763DD91009A4FC0 /* Products */;
					ProjectRef = 5F2CF3651763DD91009A4FC0 /* SBJson.xcodeproj */;
				},
			);
			projectRoot = "";
			targets = (
				5F2CF33D1763DD1E009A4FC0 /* ADNStats */,
			);
		};
/* End PBXProject section */

/* Begin PBXReferenceProxy section */
		5F2CF36D1763DD91009A4FC0 /* SBJson.framework */ = {
			isa = PBXReferenceProxy;
			fileType = wrapper.framework;
			path = SBJson.framework;
			remoteRef = 5F2CF36C1763DD91009A4FC0 /* PBXContainerItemProxy */;
			sourceTree = BUILT_PRODUCTS_DIR;
		};
		5F2CF36F1763DD91009A4FC0 /* SBJsonTests.octest */ = {
			isa = PBXReferenceProxy;
			fileType = wrapper.cfbundle;
			path = SBJsonTests.octest;
			remoteRef = 5F2CF36E1763DD91009A4FC0 /* PBXContainerItemProxy */;
			sourceTree = BUILT_PRODUCTS_DIR;
		};
		5F2CF3711763DD91009A4FC0 /* libsbjson-ios.a */ = {
			isa = PBXReferenceProxy;
			fileType = archive.ar;
			path = "libsbjson-ios.a";
			remoteRef = 5F2CF3701763DD91009A4FC0 /* PBXContainerItemProxy */;
			sourceTree = BUILT_PRODUCTS_DIR;
		};
		5F2CF3731763DD91009A4FC0 /* sbjson-iosTests.octest */ = {
			isa = PBXReferenceProxy;
			fileType = wrapper.cfbundle;
			path = "sbjson-iosTests.octest";
			remoteRef = 5F2CF3721763DD91009A4FC0 /* PBXContainerItemProxy */;
			sourceTree = BUILT_PRODUCTS_DIR;
		};
/* End PBXReferenceProxy section */

/* Begin PBXResourcesBuildPhase section */
		5F2CF33C1763DD1E009A4FC0 /* Resources */ = {
			isa = PBXResourcesBuildPhase;
			buildActionMask = 2147483647;
			files = (
				5F2CF3951763DFA6009A4FC0 /* MainStoryboard.storyboard in Resources */,
				5F2CF3961763DFA6009A4FC0 /* Default-568h@2x.png in Resources */,
				5F2CF3971763DFA6009A4FC0 /* Default.png in Resources */,
				5F2CF3981763DFA6009A4FC0 /* Default@2x.png in Resources */,
				5F2CF3991763DFA6009A4FC0 /* example.json in Resources */,
				5F2CF39B1763DFA6009A4FC0 /* InfoPlist.strings in Resources */,
				5F2CF3AD1763F167009A4FC0 /* calendar.png in Resources */,
				5F2CF3AE1763F167009A4FC0 /* binocular.png in Resources */,
				5F2CF3AF1763F167009A4FC0 /* share.png in Resources */,
				5F2CF3B01763F167009A4FC0 /* clock.png in Resources */,
				5F61E57017640A67005CBE87 /* avatar.png in Resources */,
			);
			runOnlyForDeploymentPostprocessing = 0;
		};
/* End PBXResourcesBuildPhase section */

/* Begin PBXSourcesBuildPhase section */
		5F2CF33A1763DD1E009A4FC0 /* Sources */ = {
			isa = PBXSourcesBuildPhase;
			buildActionMask = 2147483647;
			files = (
				5F2CF3931763DFA6009A4FC0 /* ADNViewController.m in Sources */,
				5F2CF3941763DFA6009A4FC0 /* ADNAppDelegate.m in Sources */,
				5F2CF39C1763DFA6009A4FC0 /* main.m in Sources */,
				5F2CF39F1763DFE3009A4FC0 /* ADNStatsClient.m in Sources */,
				5F2CF3A21763E24F009A4FC0 /* ADNStatsSummary.m in Sources */,
				5F2CF3A51763EA3B009A4FC0 /* ADNStatsPanel.m in Sources */,
				5F2CF3B31763F83D009A4FC0 /* ADNTopTableViewCell.m in Sources */,
				5F2CF3B61763F8A9009A4FC0 /* ADNTopTableViewController.m in Sources */,
				5F2CF3B91763F9B5009A4FC0 /* ADNTopObject.m in Sources */,
				5F61E56B17640538005CBE87 /* ADNTopPost.m in Sources */,
				5F61E56E176407D9005CBE87 /* ADNTopPostTableViewCell.m in Sources */,
			);
			runOnlyForDeploymentPostprocessing = 0;
		};
/* End PBXSourcesBuildPhase section */

/* Begin PBXTargetDependency section */
		5F2CF3751763DDA6009A4FC0 /* PBXTargetDependency */ = {
			isa = PBXTargetDependency;
			name = SBJson;
			targetProxy = 5F2CF3741763DDA6009A4FC0 /* PBXContainerItemProxy */;
		};
/* End PBXTargetDependency section */

/* Begin XCBuildConfiguration section */
		5F2CF35F1763DD1E009A4FC0 /* Debug */ = {
			isa = XCBuildConfiguration;
			buildSettings = {
				ALWAYS_SEARCH_USER_PATHS = NO;
				CLANG_CXX_LANGUAGE_STANDARD = "gnu++0x";
				CLANG_CXX_LIBRARY = "libc++";
				CLANG_ENABLE_OBJC_ARC = YES;
				CLANG_WARN_CONSTANT_CONVERSION = YES;
				CLANG_WARN_EMPTY_BODY = YES;
				CLANG_WARN_ENUM_CONVERSION = YES;
				CLANG_WARN_INT_CONVERSION = YES;
				CLANG_WARN__DUPLICATE_METHOD_MATCH = YES;
				"CODE_SIGN_IDENTITY[sdk=iphoneos*]" = "iPhone Developer";
				COPY_PHASE_STRIP = NO;
				GCC_C_LANGUAGE_STANDARD = gnu99;
				GCC_DYNAMIC_NO_PIC = NO;
				GCC_OPTIMIZATION_LEVEL = 0;
				GCC_PREPROCESSOR_DEFINITIONS = (
					"DEBUG=1",
					"$(inherited)",
				);
				GCC_SYMBOLS_PRIVATE_EXTERN = NO;
				GCC_WARN_ABOUT_RETURN_TYPE = YES;
				GCC_WARN_UNINITIALIZED_AUTOS = YES;
				GCC_WARN_UNUSED_VARIABLE = YES;
				IPHONEOS_DEPLOYMENT_TARGET = 6.1;
				ONLY_ACTIVE_ARCH = YES;
				SDKROOT = iphoneos;
			};
			name = Debug;
		};
		5F2CF3601763DD1E009A4FC0 /* Release */ = {
			isa = XCBuildConfiguration;
			buildSettings = {
				ALWAYS_SEARCH_USER_PATHS = NO;
				CLANG_CXX_LANGUAGE_STANDARD = "gnu++0x";
				CLANG_CXX_LIBRARY = "libc++";
				CLANG_ENABLE_OBJC_ARC = YES;
				CLANG_WARN_CONSTANT_CONVERSION = YES;
				CLANG_WARN_EMPTY_BODY = YES;
				CLANG_WARN_ENUM_CONVERSION = YES;
				CLANG_WARN_INT_CONVERSION = YES;
				CLANG_WARN__DUPLICATE_METHOD_MATCH = YES;
				"CODE_SIGN_IDENTITY[sdk=iphoneos*]" = "iPhone Developer";
				COPY_PHASE_STRIP = YES;
				GCC_C_LANGUAGE_STANDARD = gnu99;
				GCC_WARN_ABOUT_RETURN_TYPE = YES;
				GCC_WARN_UNINITIALIZED_AUTOS = YES;
				GCC_WARN_UNUSED_VARIABLE = YES;
				IPHONEOS_DEPLOYMENT_TARGET = 6.1;
				OTHER_CFLAGS = "-DNS_BLOCK_ASSERTIONS=1";
				SDKROOT = iphoneos;
				VALIDATE_PRODUCT = YES;
			};
			name = Release;
		};
		5F2CF3621763DD1E009A4FC0 /* Debug */ = {
			isa = XCBuildConfiguration;
			buildSettings = {
				GCC_PRECOMPILE_PREFIX_HEADER = YES;
				GCC_PREFIX_HEADER = "ADNStats/Supporting Files/ADNStats-Prefix.pch";
				HEADER_SEARCH_PATHS = (
					"\"$(TARGET_BUILD_DIR)/usr/local/lib/include\"",
					"\"$(OBJROOT)/UninstalledProducts/include\"",
				);
				INFOPLIST_FILE = "ADNStats/Supporting Files/ADNStats-Info.plist";
				OTHER_LDFLAGS = (
					"-all_load",
					"-ObjC",
				);
				PRODUCT_NAME = "$(TARGET_NAME)";
				WRAPPER_EXTENSION = app;
			};
			name = Debug;
		};
		5F2CF3631763DD1E009A4FC0 /* Release */ = {
			isa = XCBuildConfiguration;
			buildSettings = {
				GCC_PRECOMPILE_PREFIX_HEADER = YES;
				GCC_PREFIX_HEADER = "ADNStats/Supporting Files/ADNStats-Prefix.pch";
				HEADER_SEARCH_PATHS = (
					"\"$(TARGET_BUILD_DIR)/usr/local/lib/include\"",
					"\"$(OBJROOT)/UninstalledProducts/include\"",
				);
				INFOPLIST_FILE = "ADNStats/Supporting Files/ADNStats-Info.plist";
				OTHER_LDFLAGS = (
					"-all_load",
					"-ObjC",
				);
				PRODUCT_NAME = "$(TARGET_NAME)";
				WRAPPER_EXTENSION = app;
			};
			name = Release;
		};
/* End XCBuildConfiguration section */

/* Begin XCConfigurationList section */
		5F2CF3391763DD1E009A4FC0 /* Build configuration list for PBXProject "ADNStats" */ = {
			isa = XCConfigurationList;
			buildConfigurations = (
				5F2CF35F1763DD1E009A4FC0 /* Debug */,
				5F2CF3601763DD1E009A4FC0 /* Release */,
			);
			defaultConfigurationIsVisible = 0;
			defaultConfigurationName = Release;
		};
		5F2CF3611763DD1E009A4FC0 /* Build configuration list for PBXNativeTarget "ADNStats" */ = {
			isa = XCConfigurationList;
			buildConfigurations = (
				5F2CF3621763DD1E009A4FC0 /* Debug */,
				5F2CF3631763DD1E009A4FC0 /* Release */,
			);
			defaultConfigurationIsVisible = 0;
			defaultConfigurationName = Release;
		};
/* End XCConfigurationList section */
	};
	rootObject = 5F2CF3361763DD1E009A4FC0 /* Project object */;
}
